// !$*UTF8*$!
{
	archiveVersion = 1;
	classes = {
	};
	objectVersion = 48;
	objects = {

/* Begin PBXBuildFile section */
		6B8AA94F70882F02BC6214D8 /* libPods-AGCacheTests.a in Frameworks */ = {isa = PBXBuildFile; fileRef = A6268B80D9D1FD98D8892B7F /* libPods-AGCacheTests.a */; };
		6CB1966D1FC66E220064904F /* AppDelegate.m in Sources */ = {isa = PBXBuildFile; fileRef = 6CB1966C1FC66E220064904F /* AppDelegate.m */; };
		6CB196701FC66E220064904F /* ViewController.m in Sources */ = {isa = PBXBuildFile; fileRef = 6CB1966F1FC66E220064904F /* ViewController.m */; };
		6CB196731FC66E220064904F /* Main.storyboard in Resources */ = {isa = PBXBuildFile; fileRef = 6CB196711FC66E220064904F /* Main.storyboard */; };
		6CB196751FC66E220064904F /* Assets.xcassets in Resources */ = {isa = PBXBuildFile; fileRef = 6CB196741FC66E220064904F /* Assets.xcassets */; };
		6CB196781FC66E220064904F /* LaunchScreen.storyboard in Resources */ = {isa = PBXBuildFile; fileRef = 6CB196761FC66E220064904F /* LaunchScreen.storyboard */; };
		6CB1967B1FC66E220064904F /* main.m in Sources */ = {isa = PBXBuildFile; fileRef = 6CB1967A1FC66E220064904F /* main.m */; };
		6CB196851FC66E220064904F /* AGCacheTests.m in Sources */ = {isa = PBXBuildFile; fileRef = 6CB196841FC66E220064904F /* AGCacheTests.m */; };
		6CB196901FC66E220064904F /* AGCacheUITests.m in Sources */ = {isa = PBXBuildFile; fileRef = 6CB1968F1FC66E220064904F /* AGCacheUITests.m */; };
		6CB1969F1FC675BD0064904F /* AGSDWebImageCache.m in Sources */ = {isa = PBXBuildFile; fileRef = 6CB1969E1FC675BD0064904F /* AGSDWebImageCache.m */; };
		6CB196A51FC6C2340064904F /* ViewController2.m in Sources */ = {isa = PBXBuildFile; fileRef = 6CB196A41FC6C2340064904F /* ViewController2.m */; };
		7C3FC7968FB76A943DDE627E /* libPods-AGCache.a in Frameworks */ = {isa = PBXBuildFile; fileRef = 452474425D170C98D8FC5035 /* libPods-AGCache.a */; };
		F9CEFEC8D0337B2084115DDC /* libPods-AGCacheUITests.a in Frameworks */ = {isa = PBXBuildFile; fileRef = 8B23D3E8D73E9FFD386EAEDD /* libPods-AGCacheUITests.a */; };
/* End PBXBuildFile section */

/* Begin PBXContainerItemProxy section */
		6CB196811FC66E220064904F /* PBXContainerItemProxy */ = {
			isa = PBXContainerItemProxy;
			containerPortal = 6CB196601FC66E220064904F /* Project object */;
			proxyType = 1;
			remoteGlobalIDString = 6CB196671FC66E220064904F;
			remoteInfo = AGCache;
		};
		6CB1968C1FC66E220064904F /* PBXContainerItemProxy */ = {
			isa = PBXContainerItemProxy;
			containerPortal = 6CB196601FC66E220064904F /* Project object */;
			proxyType = 1;
			remoteGlobalIDString = 6CB196671FC66E220064904F;
			remoteInfo = AGCache;
		};
/* End PBXContainerItemProxy section */

/* Begin PBXFileReference section */
		09BDCA535DA465425BD788F7 /* Pods-AGCache.debug.xcconfig */ = {isa = PBXFileReference; includeInIndex = 1; lastKnownFileType = text.xcconfig; name = "Pods-AGCache.debug.xcconfig"; path = "Pods/Target Support Files/Pods-AGCache/Pods-AGCache.debug.xcconfig"; sourceTree = "<group>"; };
		274E1894C977C3062045D0D8 /* Pods-AGCache.release.xcconfig */ = {isa = PBXFileReference; includeInIndex = 1; lastKnownFileType = text.xcconfig; name = "Pods-AGCache.release.xcconfig"; path = "Pods/Target Support Files/Pods-AGCache/Pods-AGCache.release.xcconfig"; sourceTree = "<group>"; };
		2BFB49D0BE3E5FE929F2952C /* Pods-AGCacheTests.release.xcconfig */ = {isa = PBXFileReference; includeInIndex = 1; lastKnownFileType = text.xcconfig; name = "Pods-AGCacheTests.release.xcconfig"; path = "Pods/Target Support Files/Pods-AGCacheTests/Pods-AGCacheTests.release.xcconfig"; sourceTree = "<group>"; };
		452474425D170C98D8FC5035 /* libPods-AGCache.a */ = {isa = PBXFileReference; explicitFileType = archive.ar; includeInIndex = 0; path = "libPods-AGCache.a"; sourceTree = BUILT_PRODUCTS_DIR; };
		567B01809E14AE83C454A683 /* Pods-AGCacheUITests.release.xcconfig */ = {isa = PBXFileReference; includeInIndex = 1; lastKnownFileType = text.xcconfig; name = "Pods-AGCacheUITests.release.xcconfig"; path = "Pods/Target Support Files/Pods-AGCacheUITests/Pods-AGCacheUITests.release.xcconfig"; sourceTree = "<group>"; };
		6CB196681FC66E220064904F /* AGCache.app */ = {isa = PBXFileReference; explicitFileType = wrapper.application; includeInIndex = 0; path = AGCache.app; sourceTree = BUILT_PRODUCTS_DIR; };
		6CB1966B1FC66E220064904F /* AppDelegate.h */ = {isa = PBXFileReference; lastKnownFileType = sourcecode.c.h; path = AppDelegate.h; sourceTree = "<group>"; };
		6CB1966C1FC66E220064904F /* AppDelegate.m */ = {isa = PBXFileReference; lastKnownFileType = sourcecode.c.objc; path = AppDelegate.m; sourceTree = "<group>"; };
		6CB1966E1FC66E220064904F /* ViewController.h */ = {isa = PBXFileReference; lastKnownFileType = sourcecode.c.h; path = ViewController.h; sourceTree = "<group>"; };
		6CB1966F1FC66E220064904F /* ViewController.m */ = {isa = PBXFileReference; lastKnownFileType = sourcecode.c.objc; path = ViewController.m; sourceTree = "<group>"; };
		6CB196721FC66E220064904F /* Base */ = {isa = PBXFileReference; lastKnownFileType = file.storyboard; name = Base; path = Base.lproj/Main.storyboard; sourceTree = "<group>"; };
		6CB196741FC66E220064904F /* Assets.xcassets */ = {isa = PBXFileReference; lastKnownFileType = folder.assetcatalog; path = Assets.xcassets; sourceTree = "<group>"; };
		6CB196771FC66E220064904F /* Base */ = {isa = PBXFileReference; lastKnownFileType = file.storyboard; name = Base; path = Base.lproj/LaunchScreen.storyboard; sourceTree = "<group>"; };
		6CB196791FC66E220064904F /* Info.plist */ = {isa = PBXFileReference; lastKnownFileType = text.plist.xml; path = Info.plist; sourceTree = "<group>"; };
		6CB1967A1FC66E220064904F /* main.m */ = {isa = PBXFileReference; lastKnownFileType = sourcecode.c.objc; path = main.m; sourceTree = "<group>"; };
		6CB196801FC66E220064904F /* AGCacheTests.xctest */ = {isa = PBXFileReference; explicitFileType = wrapper.cfbundle; includeInIndex = 0; path = AGCacheTests.xctest; sourceTree = BUILT_PRODUCTS_DIR; };
		6CB196841FC66E220064904F /* AGCacheTests.m */ = {isa = PBXFileReference; lastKnownFileType = sourcecode.c.objc; path = AGCacheTests.m; sourceTree = "<group>"; };
		6CB196861FC66E220064904F /* Info.plist */ = {isa = PBXFileReference; lastKnownFileType = text.plist.xml; path = Info.plist; sourceTree = "<group>"; };
		6CB1968B1FC66E220064904F /* AGCacheUITests.xctest */ = {isa = PBXFileReference; explicitFileType = wrapper.cfbundle; includeInIndex = 0; path = AGCacheUITests.xctest; sourceTree = BUILT_PRODUCTS_DIR; };
		6CB1968F1FC66E220064904F /* AGCacheUITests.m */ = {isa = PBXFileReference; lastKnownFileType = sourcecode.c.objc; path = AGCacheUITests.m; sourceTree = "<group>"; };
		6CB196911FC66E220064904F /* Info.plist */ = {isa = PBXFileReference; lastKnownFileType = text.plist.xml; path = Info.plist; sourceTree = "<group>"; };
		6CB1969D1FC675BD0064904F /* AGSDWebImageCache.h */ = {isa = PBXFileReference; lastKnownFileType = sourcecode.c.h; path = AGSDWebImageCache.h; sourceTree = "<group>"; };
		6CB1969E1FC675BD0064904F /* AGSDWebImageCache.m */ = {isa = PBXFileReference; lastKnownFileType = sourcecode.c.objc; path = AGSDWebImageCache.m; sourceTree = "<group>"; };
		6CB196A31FC6C2340064904F /* ViewController2.h */ = {isa = PBXFileReference; lastKnownFileType = sourcecode.c.h; path = ViewController2.h; sourceTree = "<group>"; };
		6CB196A41FC6C2340064904F /* ViewController2.m */ = {isa = PBXFileReference; lastKnownFileType = sourcecode.c.objc; path = ViewController2.m; sourceTree = "<group>"; };
		6D55E215B0105C4B5CBFE39C /* Pods-AGCacheUITests.debug.xcconfig */ = {isa = PBXFileReference; includeInIndex = 1; lastKnownFileType = text.xcconfig; name = "Pods-AGCacheUITests.debug.xcconfig"; path = "Pods/Target Support Files/Pods-AGCacheUITests/Pods-AGCacheUITests.debug.xcconfig"; sourceTree = "<group>"; };
		8271133DE4DD3FD3C7BA92D6 /* Pods-AGCacheTests.debug.xcconfig */ = {isa = PBXFileReference; includeInIndex = 1; lastKnownFileType = text.xcconfig; name = "Pods-AGCacheTests.debug.xcconfig"; path = "Pods/Target Support Files/Pods-AGCacheTests/Pods-AGCacheTests.debug.xcconfig"; sourceTree = "<group>"; };
		8B23D3E8D73E9FFD386EAEDD /* libPods-AGCacheUITests.a */ = {isa = PBXFileReference; explicitFileType = archive.ar; includeInIndex = 0; path = "libPods-AGCacheUITests.a"; sourceTree = BUILT_PRODUCTS_DIR; };
		A6268B80D9D1FD98D8892B7F /* libPods-AGCacheTests.a */ = {isa = PBXFileReference; explicitFileType = archive.ar; includeInIndex = 0; path = "libPods-AGCacheTests.a"; sourceTree = BUILT_PRODUCTS_DIR; };
/* End PBXFileReference section */

/* Begin PBXFrameworksBuildPhase section */
		6CB196651FC66E220064904F /* Frameworks */ = {
			isa = PBXFrameworksBuildPhase;
			buildActionMask = 2147483647;
			files = (
				7C3FC7968FB76A943DDE627E /* libPods-AGCache.a in Frameworks */,
			);
			runOnlyForDeploymentPostprocessing = 0;
		};
		6CB1967D1FC66E220064904F /* Frameworks */ = {
			isa = PBXFrameworksBuildPhase;
			buildActionMask = 2147483647;
			files = (
				6B8AA94F70882F02BC6214D8 /* libPods-AGCacheTests.a in Frameworks */,
			);
			runOnlyForDeploymentPostprocessing = 0;
		};
		6CB196881FC66E220064904F /* Frameworks */ = {
			isa = PBXFrameworksBuildPhase;
			buildActionMask = 2147483647;
			files = (
				F9CEFEC8D0337B2084115DDC /* libPods-AGCacheUITests.a in Frameworks */,
			);
			runOnlyForDeploymentPostprocessing = 0;
		};
/* End PBXFrameworksBuildPhase section */

/* Begin PBXGroup section */
		6CB1965F1FC66E220064904F = {
			isa = PBXGroup;
			children = (
				6CB1966A1FC66E220064904F /* AGCache */,
				6CB196831FC66E220064904F /* AGCacheTests */,
				6CB1968E1FC66E220064904F /* AGCacheUITests */,
				6CB196691FC66E220064904F /* Products */,
				C4EFF09E4D8CC735E6F57A08 /* Pods */,
				AE0A50A329517A563B8914B6 /* Frameworks */,
			);
			sourceTree = "<group>";
		};
		6CB196691FC66E220064904F /* Products */ = {
			isa = PBXGroup;
			children = (
				6CB196681FC66E220064904F /* AGCache.app */,
				6CB196801FC66E220064904F /* AGCacheTests.xctest */,
				6CB1968B1FC66E220064904F /* AGCacheUITests.xctest */,
			);
			name = Products;
			sourceTree = "<group>";
		};
		6CB1966A1FC66E220064904F /* AGCache */ = {
			isa = PBXGroup;
			children = (
				6CB1966B1FC66E220064904F /* AppDelegate.h */,
				6CB1966C1FC66E220064904F /* AppDelegate.m */,
				6CB1966E1FC66E220064904F /* ViewController.h */,
				6CB1966F1FC66E220064904F /* ViewController.m */,
				6CB196A31FC6C2340064904F /* ViewController2.h */,
				6CB196A41FC6C2340064904F /* ViewController2.m */,
				6CB1969D1FC675BD0064904F /* AGSDWebImageCache.h */,
				6CB1969E1FC675BD0064904F /* AGSDWebImageCache.m */,
				6CB196711FC66E220064904F /* Main.storyboard */,
				6CB196741FC66E220064904F /* Assets.xcassets */,
				6CB196761FC66E220064904F /* LaunchScreen.storyboard */,
				6CB196791FC66E220064904F /* Info.plist */,
				6CB1967A1FC66E220064904F /* main.m */,
			);
			path = AGCache;
			sourceTree = "<group>";
		};
		6CB196831FC66E220064904F /* AGCacheTests */ = {
			isa = PBXGroup;
			children = (
				6CB196841FC66E220064904F /* AGCacheTests.m */,
				6CB196861FC66E220064904F /* Info.plist */,
			);
			path = AGCacheTests;
			sourceTree = "<group>";
		};
		6CB1968E1FC66E220064904F /* AGCacheUITests */ = {
			isa = PBXGroup;
			children = (
				6CB1968F1FC66E220064904F /* AGCacheUITests.m */,
				6CB196911FC66E220064904F /* Info.plist */,
			);
			path = AGCacheUITests;
			sourceTree = "<group>";
		};
		AE0A50A329517A563B8914B6 /* Frameworks */ = {
			isa = PBXGroup;
			children = (
				452474425D170C98D8FC5035 /* libPods-AGCache.a */,
				A6268B80D9D1FD98D8892B7F /* libPods-AGCacheTests.a */,
				8B23D3E8D73E9FFD386EAEDD /* libPods-AGCacheUITests.a */,
			);
			name = Frameworks;
			sourceTree = "<group>";
		};
		C4EFF09E4D8CC735E6F57A08 /* Pods */ = {
			isa = PBXGroup;
			children = (
				09BDCA535DA465425BD788F7 /* Pods-AGCache.debug.xcconfig */,
				274E1894C977C3062045D0D8 /* Pods-AGCache.release.xcconfig */,
				8271133DE4DD3FD3C7BA92D6 /* Pods-AGCacheTests.debug.xcconfig */,
				2BFB49D0BE3E5FE929F2952C /* Pods-AGCacheTests.release.xcconfig */,
				6D55E215B0105C4B5CBFE39C /* Pods-AGCacheUITests.debug.xcconfig */,
				567B01809E14AE83C454A683 /* Pods-AGCacheUITests.release.xcconfig */,
			);
			name = Pods;
			sourceTree = "<group>";
		};
/* End PBXGroup section */

/* Begin PBXNativeTarget section */
		6CB196671FC66E220064904F /* AGCache */ = {
			isa = PBXNativeTarget;
			buildConfigurationList = 6CB196941FC66E220064904F /* Build configuration list for PBXNativeTarget "AGCache" */;
			buildPhases = (
				FB2ABF20B6DD00F2F2DFDD95 /* [CP] Check Pods Manifest.lock */,
				6CB196641FC66E220064904F /* Sources */,
				6CB196651FC66E220064904F /* Frameworks */,
				6CB196661FC66E220064904F /* Resources */,
				24459E2493756962644BA9E0 /* [CP] Embed Pods Frameworks */,
				9E195B07AC5077BDACBC39E1 /* [CP] Copy Pods Resources */,
			);
			buildRules = (
			);
			dependencies = (
			);
			name = AGCache;
			productName = AGCache;
			productReference = 6CB196681FC66E220064904F /* AGCache.app */;
			productType = "com.apple.product-type.application";
		};
		6CB1967F1FC66E220064904F /* AGCacheTests */ = {
			isa = PBXNativeTarget;
			buildConfigurationList = 6CB196971FC66E220064904F /* Build configuration list for PBXNativeTarget "AGCacheTests" */;
			buildPhases = (
				53A50289CB8D12CDC1CDED2F /* [CP] Check Pods Manifest.lock */,
				6CB1967C1FC66E220064904F /* Sources */,
				6CB1967D1FC66E220064904F /* Frameworks */,
				6CB1967E1FC66E220064904F /* Resources */,
				B2C198657E2DA3FD93E4CAB8 /* [CP] Embed Pods Frameworks */,
				D6B95D19A61048B12F0D6010 /* [CP] Copy Pods Resources */,
			);
			buildRules = (
			);
			dependencies = (
				6CB196821FC66E220064904F /* PBXTargetDependency */,
			);
			name = AGCacheTests;
			productName = AGCacheTests;
			productReference = 6CB196801FC66E220064904F /* AGCacheTests.xctest */;
			productType = "com.apple.product-type.bundle.unit-test";
		};
		6CB1968A1FC66E220064904F /* AGCacheUITests */ = {
			isa = PBXNativeTarget;
			buildConfigurationList = 6CB1969A1FC66E220064904F /* Build configuration list for PBXNativeTarget "AGCacheUITests" */;
			buildPhases = (
				C97CCD0D776B28723F6C96F8 /* [CP] Check Pods Manifest.lock */,
				6CB196871FC66E220064904F /* Sources */,
				6CB196881FC66E220064904F /* Frameworks */,
				6CB196891FC66E220064904F /* Resources */,
				A6ACDC44FB6BDEFC1F8AFCCE /* [CP] Embed Pods Frameworks */,
				7DC03E0BB4F1BEC998D1910E /* [CP] Copy Pods Resources */,
			);
			buildRules = (
			);
			dependencies = (
				6CB1968D1FC66E220064904F /* PBXTargetDependency */,
			);
			name = AGCacheUITests;
			productName = AGCacheUITests;
			productReference = 6CB1968B1FC66E220064904F /* AGCacheUITests.xctest */;
			productType = "com.apple.product-type.bundle.ui-testing";
		};
/* End PBXNativeTarget section */

/* Begin PBXProject section */
		6CB196601FC66E220064904F /* Project object */ = {
			isa = PBXProject;
			attributes = {
				LastUpgradeCheck = 0910;
				ORGANIZATIONNAME = "吴书敏";
				TargetAttributes = {
					6CB196671FC66E220064904F = {
						CreatedOnToolsVersion = 9.1;
						ProvisioningStyle = Automatic;
					};
					6CB1967F1FC66E220064904F = {
						CreatedOnToolsVersion = 9.1;
						ProvisioningStyle = Automatic;
						TestTargetID = 6CB196671FC66E220064904F;
					};
					6CB1968A1FC66E220064904F = {
						CreatedOnToolsVersion = 9.1;
						ProvisioningStyle = Automatic;
						TestTargetID = 6CB196671FC66E220064904F;
					};
				};
			};
			buildConfigurationList = 6CB196631FC66E220064904F /* Build configuration list for PBXProject "AGCache" */;
			compatibilityVersion = "Xcode 8.0";
			developmentRegion = en;
			hasScannedForEncodings = 0;
			knownRegions = (
				en,
				Base,
			);
			mainGroup = 6CB1965F1FC66E220064904F;
			productRefGroup = 6CB196691FC66E220064904F /* Products */;
			projectDirPath = "";
			projectRoot = "";
			targets = (
				6CB196671FC66E220064904F /* AGCache */,
				6CB1967F1FC66E220064904F /* AGCacheTests */,
				6CB1968A1FC66E220064904F /* AGCacheUITests */,
			);
		};
/* End PBXProject section */

/* Begin PBXResourcesBuildPhase section */
		6CB196661FC66E220064904F /* Resources */ = {
			isa = PBXResourcesBuildPhase;
			buildActionMask = 2147483647;
			files = (
				6CB196781FC66E220064904F /* LaunchScreen.storyboard in Resources */,
				6CB196751FC66E220064904F /* Assets.xcassets in Resources */,
				6CB196731FC66E220064904F /* Main.storyboard in Resources */,
			);
			runOnlyForDeploymentPostprocessing = 0;
		};
		6CB1967E1FC66E220064904F /* Resources */ = {
			isa = PBXResourcesBuildPhase;
			buildActionMask = 2147483647;
			files = (
			);
			runOnlyForDeploymentPostprocessing = 0;
		};
		6CB196891FC66E220064904F /* Resources */ = {
			isa = PBXResourcesBuildPhase;
			buildActionMask = 2147483647;
			files = (
			);
			runOnlyForDeploymentPostprocessing = 0;
		};
/* End PBXResourcesBuildPhase section */

/* Begin PBXShellScriptBuildPhase section */
		24459E2493756962644BA9E0 /* [CP] Embed Pods Frameworks */ = {
			isa = PBXShellScriptBuildPhase;
			buildActionMask = 2147483647;
			files = (
			);
			inputPaths = (
			);
			name = "[CP] Embed Pods Frameworks";
			outputPaths = (
			);
			runOnlyForDeploymentPostprocessing = 0;
			shellPath = /bin/sh;
			shellScript = "\"${SRCROOT}/Pods/Target Support Files/Pods-AGCache/Pods-AGCache-frameworks.sh\"\n";
			showEnvVarsInLog = 0;
		};
		53A50289CB8D12CDC1CDED2F /* [CP] Check Pods Manifest.lock */ = {
			isa = PBXShellScriptBuildPhase;
			buildActionMask = 2147483647;
			files = (
			);
			inputPaths = (
				"${PODS_PODFILE_DIR_PATH}/Podfile.lock",
				"${PODS_ROOT}/Manifest.lock",
			);
			name = "[CP] Check Pods Manifest.lock";
			outputPaths = (
				"$(DERIVED_FILE_DIR)/Pods-AGCacheTests-checkManifestLockResult.txt",
			);
			runOnlyForDeploymentPostprocessing = 0;
			shellPath = /bin/sh;
			shellScript = "diff \"${PODS_PODFILE_DIR_PATH}/Podfile.lock\" \"${PODS_ROOT}/Manifest.lock\" > /dev/null\nif [ $? != 0 ] ; then\n    # print error to STDERR\n    echo \"error: The sandbox is not in sync with the Podfile.lock. Run 'pod install' or update your CocoaPods installation.\" >&2\n    exit 1\nfi\n# This output is used by Xcode 'outputs' to avoid re-running this script phase.\necho \"SUCCESS\" > \"${SCRIPT_OUTPUT_FILE_0}\"\n";
			showEnvVarsInLog = 0;
		};
		7DC03E0BB4F1BEC998D1910E /* [CP] Copy Pods Resources */ = {
			isa = PBXShellScriptBuildPhase;
			buildActionMask = 2147483647;
			files = (
			);
			inputPaths = (
			);
			name = "[CP] Copy Pods Resources";
			outputPaths = (
			);
			runOnlyForDeploymentPostprocessing = 0;
			shellPath = /bin/sh;
			shellScript = "\"${SRCROOT}/Pods/Target Support Files/Pods-AGCacheUITests/Pods-AGCacheUITests-resources.sh\"\n";
			showEnvVarsInLog = 0;
		};
		9E195B07AC5077BDACBC39E1 /* [CP] Copy Pods Resources */ = {
			isa = PBXShellScriptBuildPhase;
			buildActionMask = 2147483647;
			files = (
			);
			inputPaths = (
			);
			name = "[CP] Copy Pods Resources";
			outputPaths = (
			);
			runOnlyForDeploymentPostprocessing = 0;
			shellPath = /bin/sh;
			shellScript = "\"${SRCROOT}/Pods/Target Support Files/Pods-AGCache/Pods-AGCache-resources.sh\"\n";
			showEnvVarsInLog = 0;
		};
		A6ACDC44FB6BDEFC1F8AFCCE /* [CP] Embed Pods Frameworks */ = {
			isa = PBXShellScriptBuildPhase;
			buildActionMask = 2147483647;
			files = (
			);
			inputPaths = (
			);
			name = "[CP] Embed Pods Frameworks";
			outputPaths = (
			);
			runOnlyForDeploymentPostprocessing = 0;
			shellPath = /bin/sh;
			shellScript = "\"${SRCROOT}/Pods/Target Support Files/Pods-AGCacheUITests/Pods-AGCacheUITests-frameworks.sh\"\n";
			showEnvVarsInLog = 0;
		};
		B2C198657E2DA3FD93E4CAB8 /* [CP] Embed Pods Frameworks */ = {
			isa = PBXShellScriptBuildPhase;
			buildActionMask = 2147483647;
			files = (
			);
			inputPaths = (
			);
			name = "[CP] Embed Pods Frameworks";
			outputPaths = (
			);
			runOnlyForDeploymentPostprocessing = 0;
			shellPath = /bin/sh;
			shellScript = "\"${SRCROOT}/Pods/Target Support Files/Pods-AGCacheTests/Pods-AGCacheTests-frameworks.sh\"\n";
			showEnvVarsInLog = 0;
		};
		C97CCD0D776B28723F6C96F8 /* [CP] Check Pods Manifest.lock */ = {
			isa = PBXShellScriptBuildPhase;
			buildActionMask = 2147483647;
			files = (
			);
			inputPaths = (
				"${PODS_PODFILE_DIR_PATH}/Podfile.lock",
				"${PODS_ROOT}/Manifest.lock",
			);
			name = "[CP] Check Pods Manifest.lock";
			outputPaths = (
				"$(DERIVED_FILE_DIR)/Pods-AGCacheUITests-checkManifestLockResult.txt",
			);
			runOnlyForDeploymentPostprocessing = 0;
			shellPath = /bin/sh;
			shellScript = "diff \"${PODS_PODFILE_DIR_PATH}/Podfile.lock\" \"${PODS_ROOT}/Manifest.lock\" > /dev/null\nif [ $? != 0 ] ; then\n    # print error to STDERR\n    echo \"error: The sandbox is not in sync with the Podfile.lock. Run 'pod install' or update your CocoaPods installation.\" >&2\n    exit 1\nfi\n# This output is used by Xcode 'outputs' to avoid re-running this script phase.\necho \"SUCCESS\" > \"${SCRIPT_OUTPUT_FILE_0}\"\n";
			showEnvVarsInLog = 0;
		};
		D6B95D19A61048B12F0D6010 /* [CP] Copy Pods Resources */ = {
			isa = PBXShellScriptBuildPhase;
			buildActionMask = 2147483647;
			files = (
			);
			inputPaths = (
			);
			name = "[CP] Copy Pods Resources";
			outputPaths = (
			);
			runOnlyForDeploymentPostprocessing = 0;
			shellPath = /bin/sh;
			shellScript = "\"${SRCROOT}/Pods/Target Support Files/Pods-AGCacheTests/Pods-AGCacheTests-resources.sh\"\n";
			showEnvVarsInLog = 0;
		};
		FB2ABF20B6DD00F2F2DFDD95 /* [CP] Check Pods Manifest.lock */ = {
			isa = PBXShellScriptBuildPhase;
			buildActionMask = 2147483647;
			files = (
			);
			inputPaths = (
				"${PODS_PODFILE_DIR_PATH}/Podfile.lock",
				"${PODS_ROOT}/Manifest.lock",
			);
			name = "[CP] Check Pods Manifest.lock";
			outputPaths = (
				"$(DERIVED_FILE_DIR)/Pods-AGCache-checkManifestLockResult.txt",
			);
			runOnlyForDeploymentPostprocessing = 0;
			shellPath = /bin/sh;
			shellScript = "diff \"${PODS_PODFILE_DIR_PATH}/Podfile.lock\" \"${PODS_ROOT}/Manifest.lock\" > /dev/null\nif [ $? != 0 ] ; then\n    # print error to STDERR\n    echo \"error: The sandbox is not in sync with the Podfile.lock. Run 'pod install' or update your CocoaPods installation.\" >&2\n    exit 1\nfi\n# This output is used by Xcode 'outputs' to avoid re-running this script phase.\necho \"SUCCESS\" > \"${SCRIPT_OUTPUT_FILE_0}\"\n";
			showEnvVarsInLog = 0;
		};
/* End PBXShellScriptBuildPhase section */

/* Begin PBXSourcesBuildPhase section */
		6CB196641FC66E220064904F /* Sources */ = {
			isa = PBXSourcesBuildPhase;
			buildActionMask = 2147483647;
			files = (
				6CB196701FC66E220064904F /* ViewController.m in Sources */,
				6CB1967B1FC66E220064904F /* main.m in Sources */,
				6CB196A51FC6C2340064904F /* ViewController2.m in Sources */,
				6CB1969F1FC675BD0064904F /* AGSDWebImageCache.m in Sources */,
				6CB1966D1FC66E220064904F /* AppDelegate.m in Sources */,
			);
			runOnlyForDeploymentPostprocessing = 0;
		};
		6CB1967C1FC66E220064904F /* Sources */ = {
			isa = PBXSourcesBuildPhase;
			buildActionMask = 2147483647;
			files = (
				6CB196851FC66E220064904F /* AGCacheTests.m in Sources */,
			);
			runOnlyForDeploymentPostprocessing = 0;
		};
		6CB196871FC66E220064904F /* Sources */ = {
			isa = PBXSourcesBuildPhase;
			buildActionMask = 2147483647;
			files = (
				6CB196901FC66E220064904F /* AGCacheUITests.m in Sources */,
			);
			runOnlyForDeploymentPostprocessing = 0;
		};
/* End PBXSourcesBuildPhase section */

/* Begin PBXTargetDependency section */
		6CB196821FC66E220064904F /* PBXTargetDependency */ = {
			isa = PBXTargetDependency;
			target = 6CB196671FC66E220064904F /* AGCache */;
			targetProxy = 6CB196811FC66E220064904F /* PBXContainerItemProxy */;
		};
		6CB1968D1FC66E220064904F /* PBXTargetDependency */ = {
			isa = PBXTargetDependency;
			target = 6CB196671FC66E220064904F /* AGCache */;
			targetProxy = 6CB1968C1FC66E220064904F /* PBXContainerItemProxy */;
		};
/* End PBXTargetDependency section */

/* Begin PBXVariantGroup section */
		6CB196711FC66E220064904F /* Main.storyboard */ = {
			isa = PBXVariantGroup;
			children = (
				6CB196721FC66E220064904F /* Base */,
			);
			name = Main.storyboard;
			sourceTree = "<group>";
		};
		6CB196761FC66E220064904F /* LaunchScreen.storyboard */ = {
			isa = PBXVariantGroup;
			children = (
				6CB196771FC66E220064904F /* Base */,
			);
			name = LaunchScreen.storyboard;
			sourceTree = "<group>";
		};
/* End PBXVariantGroup section */

/* Begin XCBuildConfiguration section */
		6CB196921FC66E220064904F /* Debug */ = {
			isa = XCBuildConfiguration;
			buildSettings = {
				ALWAYS_SEARCH_USER_PATHS = NO;
				CLANG_ANALYZER_NONNULL = YES;
				CLANG_ANALYZER_NUMBER_OBJECT_CONVERSION = YES_AGGRESSIVE;
				CLANG_CXX_LANGUAGE_STANDARD = "gnu++14";
				CLANG_CXX_LIBRARY = "libc++";
				CLANG_ENABLE_MODULES = YES;
				CLANG_ENABLE_OBJC_ARC = YES;
				CLANG_WARN_BLOCK_CAPTURE_AUTORELEASING = YES;
				CLANG_WARN_BOOL_CONVERSION = YES;
				CLANG_WARN_COMMA = YES;
				CLANG_WARN_CONSTANT_CONVERSION = YES;
				CLANG_WARN_DIRECT_OBJC_ISA_USAGE = YES_ERROR;
				CLANG_WARN_DOCUMENTATION_COMMENTS = YES;
				CLANG_WARN_EMPTY_BODY = YES;
				CLANG_WARN_ENUM_CONVERSION = YES;
				CLANG_WARN_INFINITE_RECURSION = YES;
				CLANG_WARN_INT_CONVERSION = YES;
				CLANG_WARN_NON_LITERAL_NULL_CONVERSION = YES;
				CLANG_WARN_OBJC_LITERAL_CONVERSION = YES;
				CLANG_WARN_OBJC_ROOT_CLASS = YES_ERROR;
				CLANG_WARN_RANGE_LOOP_ANALYSIS = YES;
				CLANG_WARN_STRICT_PROTOTYPES = YES;
				CLANG_WARN_SUSPICIOUS_MOVE = YES;
				CLANG_WARN_UNGUARDED_AVAILABILITY = YES_AGGRESSIVE;
				CLANG_WARN_UNREACHABLE_CODE = YES;
				CLANG_WARN__DUPLICATE_METHOD_MATCH = YES;
				CODE_SIGN_IDENTITY = "iPhone Developer";
				COPY_PHASE_STRIP = NO;
				DEBUG_INFORMATION_FORMAT = dwarf;
				ENABLE_STRICT_OBJC_MSGSEND = YES;
				ENABLE_TESTABILITY = YES;
				GCC_C_LANGUAGE_STANDARD = gnu11;
				GCC_DYNAMIC_NO_PIC = NO;
				GCC_NO_COMMON_BLOCKS = YES;
				GCC_OPTIMIZATION_LEVEL = 0;
				GCC_PREPROCESSOR_DEFINITIONS = (
					"DEBUG=1",
					"$(inherited)",
				);
				GCC_WARN_64_TO_32_BIT_CONVERSION = YES;
				GCC_WARN_ABOUT_RETURN_TYPE = YES_ERROR;
				GCC_WARN_UNDECLARED_SELECTOR = YES;
				GCC_WARN_UNINITIALIZED_AUTOS = YES_AGGRESSIVE;
				GCC_WARN_UNUSED_FUNCTION = YES;
				GCC_WARN_UNUSED_VARIABLE = YES;
				IPHONEOS_DEPLOYMENT_TARGET = 11.1;
				MTL_ENABLE_DEBUG_INFO = YES;
				ONLY_ACTIVE_ARCH = YES;
				SDKROOT = iphoneos;
			};
			name = Debug;
		};
		6CB196931FC66E220064904F /* Release */ = {
			isa = XCBuildConfiguration;
			buildSettings = {
				ALWAYS_SEARCH_USER_PATHS = NO;
				CLANG_ANALYZER_NONNULL = YES;
				CLANG_ANALYZER_NUMBER_OBJECT_CONVERSION = YES_AGGRESSIVE;
				CLANG_CXX_LANGUAGE_STANDARD = "gnu++14";
				CLANG_CXX_LIBRARY = "libc++";
				CLANG_ENABLE_MODULES = YES;
				CLANG_ENABLE_OBJC_ARC = YES;
				CLANG_WARN_BLOCK_CAPTURE_AUTORELEASING = YES;
				CLANG_WARN_BOOL_CONVERSION = YES;
				CLANG_WARN_COMMA = YES;
				CLANG_WARN_CONSTANT_CONVERSION = YES;
				CLANG_WARN_DIRECT_OBJC_ISA_USAGE = YES_ERROR;
				CLANG_WARN_DOCUMENTATION_COMMENTS = YES;
				CLANG_WARN_EMPTY_BODY = YES;
				CLANG_WARN_ENUM_CONVERSION = YES;
				CLANG_WARN_INFINITE_RECURSION = YES;
				CLANG_WARN_INT_CONVERSION = YES;
				CLANG_WARN_NON_LITERAL_NULL_CONVERSION = YES;
				CLANG_WARN_OBJC_LITERAL_CONVERSION = YES;
				CLANG_WARN_OBJC_ROOT_CLASS = YES_ERROR;
				CLANG_WARN_RANGE_LOOP_ANALYSIS = YES;
				CLANG_WARN_STRICT_PROTOTYPES = YES;
				CLANG_WARN_SUSPICIOUS_MOVE = YES;
				CLANG_WARN_UNGUARDED_AVAILABILITY = YES_AGGRESSIVE;
				CLANG_WARN_UNREACHABLE_CODE = YES;
				CLANG_WARN__DUPLICATE_METHOD_MATCH = YES;
				CODE_SIGN_IDENTITY = "iPhone Developer";
				COPY_PHASE_STRIP = NO;
				DEBUG_INFORMATION_FORMAT = "dwarf-with-dsym";
				ENABLE_NS_ASSERTIONS = NO;
				ENABLE_STRICT_OBJC_MSGSEND = YES;
				GCC_C_LANGUAGE_STANDARD = gnu11;
				GCC_NO_COMMON_BLOCKS = YES;
				GCC_WARN_64_TO_32_BIT_CONVERSION = YES;
				GCC_WARN_ABOUT_RETURN_TYPE = YES_ERROR;
				GCC_WARN_UNDECLARED_SELECTOR = YES;
				GCC_WARN_UNINITIALIZED_AUTOS = YES_AGGRESSIVE;
				GCC_WARN_UNUSED_FUNCTION = YES;
				GCC_WARN_UNUSED_VARIABLE = YES;
				IPHONEOS_DEPLOYMENT_TARGET = 11.1;
				MTL_ENABLE_DEBUG_INFO = NO;
				SDKROOT = iphoneos;
				VALIDATE_PRODUCT = YES;
			};
			name = Release;
		};
		6CB196951FC66E220064904F /* Debug */ = {
			isa = XCBuildConfiguration;
			baseConfigurationReference = 09BDCA535DA465425BD788F7 /* Pods-AGCache.debug.xcconfig */;
			buildSettings = {
				ASSETCATALOG_COMPILER_APPICON_NAME = AppIcon;
				CODE_SIGN_STYLE = Automatic;
				DEVELOPMENT_TEAM = 5G6USDF26J;
				INFOPLIST_FILE = AGCache/Info.plist;
				IPHONEOS_DEPLOYMENT_TARGET = 9.0;
				LD_RUNPATH_SEARCH_PATHS = "$(inherited) @executable_path/Frameworks";
				PRODUCT_BUNDLE_IDENTIFIER = shuminwu.AGCache;
				PRODUCT_NAME = "$(TARGET_NAME)";
				TARGETED_DEVICE_FAMILY = "1,2";
			};
			name = Debug;
		};
		6CB196961FC66E220064904F /* Release */ = {
			isa = XCBuildConfiguration;
			baseConfigurationReference = 274E1894C977C3062045D0D8 /* Pods-AGCache.release.xcconfig */;
			buildSettings = {
				ASSETCATALOG_COMPILER_APPICON_NAME = AppIcon;
				CODE_SIGN_STYLE = Automatic;
				DEVELOPMENT_TEAM = 5G6USDF26J;
				INFOPLIST_FILE = AGCache/Info.plist;
				IPHONEOS_DEPLOYMENT_TARGET = 9.0;
				LD_RUNPATH_SEARCH_PATHS = "$(inherited) @executable_path/Frameworks";
				PRODUCT_BUNDLE_IDENTIFIER = shuminwu.AGCache;
				PRODUCT_NAME = "$(TARGET_NAME)";
				TARGETED_DEVICE_FAMILY = "1,2";
			};
			name = Release;
		};
		6CB196981FC66E220064904F /* Debug */ = {
			isa = XCBuildConfiguration;
			baseConfigurationReference = 8271133DE4DD3FD3C7BA92D6 /* Pods-AGCacheTests.debug.xcconfig */;
			buildSettings = {
				BUNDLE_LOADER = "$(TEST_HOST)";
				CODE_SIGN_STYLE = Automatic;
				DEVELOPMENT_TEAM = 5G6USDF26J;
				INFOPLIST_FILE = AGCacheTests/Info.plist;
				LD_RUNPATH_SEARCH_PATHS = "$(inherited) @executable_path/Frameworks @loader_path/Frameworks";
				PRODUCT_BUNDLE_IDENTIFIER = shuminwu.AGCacheTests;
				PRODUCT_NAME = "$(TARGET_NAME)";
				TARGETED_DEVICE_FAMILY = "1,2";
				TEST_HOST = "$(BUILT_PRODUCTS_DIR)/AGCache.app/AGCache";
			};
			name = Debug;
		};
		6CB196991FC66E220064904F /* Release */ = {
			isa = XCBuildConfiguration;
			baseConfigurationReference = 2BFB49D0BE3E5FE929F2952C /* Pods-AGCacheTests.release.xcconfig */;
			buildSettings = {
				BUNDLE_LOADER = "$(TEST_HOST)";
				CODE_SIGN_STYLE = Automatic;
				DEVELOPMENT_TEAM = 5G6USDF26J;
				INFOPLIST_FILE = AGCacheTests/Info.plist;
				LD_RUNPATH_SEARCH_PATHS = "$(inherited) @executable_path/Frameworks @loader_path/Frameworks";
				PRODUCT_BUNDLE_IDENTIFIER = shuminwu.AGCacheTests;
				PRODUCT_NAME = "$(TARGET_NAME)";
				TARGETED_DEVICE_FAMILY = "1,2";
				TEST_HOST = "$(BUILT_PRODUCTS_DIR)/AGCache.app/AGCache";
			};
			name = Release;
		};
		6CB1969B1FC66E220064904F /* Debug */ = {
			isa = XCBuildConfiguration;
			baseConfigurationReference = 6D55E215B0105C4B5CBFE39C /* Pods-AGCacheUITests.debug.xcconfig */;
			buildSettings = {
				CODE_SIGN_STYLE = Automatic;
				DEVELOPMENT_TEAM = 5G6USDF26J;
				INFOPLIST_FILE = AGCacheUITests/Info.plist;
				LD_RUNPATH_SEARCH_PATHS = "$(inherited) @executable_path/Frameworks @loader_path/Frameworks";
				PRODUCT_BUNDLE_IDENTIFIER = shuminwu.AGCacheUITests;
				PRODUCT_NAME = "$(TARGET_NAME)";
				TARGETED_DEVICE_FAMILY = "1,2";
				TEST_TARGET_NAME = AGCache;
			};
			name = Debug;
		};
		6CB1969C1FC66E220064904F /* Release */ = {
			isa = XCBuildConfiguration;
			baseConfigurationReference = 567B01809E14AE83C454A683 /* Pods-AGCacheUITests.release.xcconfig */;
			buildSettings = {
				CODE_SIGN_STYLE = Automatic;
				DEVELOPMENT_TEAM = 5G6USDF26J;
				INFOPLIST_FILE = AGCacheUITests/Info.plist;
				LD_RUNPATH_SEARCH_PATHS = "$(inherited) @executable_path/Frameworks @loader_path/Frameworks";
				PRODUCT_BUNDLE_IDENTIFIER = shuminwu.AGCacheUITests;
				PRODUCT_NAME = "$(TARGET_NAME)";
				TARGETED_DEVICE_FAMILY = "1,2";
				TEST_TARGET_NAME = AGCache;
			};
			name = Release;
		};
/* End XCBuildConfiguration section */

/* Begin XCConfigurationList section */
		6CB196631FC66E220064904F /* Build configuration list for PBXProject "AGCache" */ = {
			isa = XCConfigurationList;
			buildConfigurations = (
				6CB196921FC66E220064904F /* Debug */,
				6CB196931FC66E220064904F /* Release */,
			);
			defaultConfigurationIsVisible = 0;
			defaultConfigurationName = Release;
		};
		6CB196941FC66E220064904F /* Build configuration list for PBXNativeTarget "AGCache" */ = {
			isa = XCConfigurationList;
			buildConfigurations = (
				6CB196951FC66E220064904F /* Debug */,
				6CB196961FC66E220064904F /* Release */,
			);
			defaultConfigurationIsVisible = 0;
			defaultConfigurationName = Release;
		};
		6CB196971FC66E220064904F /* Build configuration list for PBXNativeTarget "AGCacheTests" */ = {
			isa = XCConfigurationList;
			buildConfigurations = (
				6CB196981FC66E220064904F /* Debug */,
				6CB196991FC66E220064904F /* Release */,
			);
			defaultConfigurationIsVisible = 0;
			defaultConfigurationName = Release;
		};
		6CB1969A1FC66E220064904F /* Build configuration list for PBXNativeTarget "AGCacheUITests" */ = {
			isa = XCConfigurationList;
			buildConfigurations = (
				6CB1969B1FC66E220064904F /* Debug */,
				6CB1969C1FC66E220064904F /* Release */,
			);
			defaultConfigurationIsVisible = 0;
			defaultConfigurationName = Release;
		};
/* End XCConfigurationList section */
	};
	rootObject = 6CB196601FC66E220064904F /* Project object */;
}
